
Microsoft Visual Studio Solution File, Format Version 12.00
# Visual Studio 15
VisualStudioVersion = 15.0.28010.2016
MinimumVisualStudioVersion = 10.0.40219.1
Project("{FAE04EC0-301F-11D3-BF4B-00C04F79EFBC}") = "cis237-assignment6", "cis237-assignment6\cis237-assignment6.csproj", "{084BCB9F-C82A-42D7-90EF-E1CE7D377C46}"
EndProject
Project("{FAE04EC0-301F-11D3-BF4B-00C04F79EFBC}") = "cis237-assignment6.Tests", "cis237-assignment6.Tests\cis237-assignment6.Tests.csproj", "{6C9802DE-0C6B-4E23-B21A-5DE17C9CDA4E}"
EndProject
Global
	GlobalSection(SolutionConfigurationPlatforms) = preSolution
		Debug|Any CPU = Debug|Any CPU
		Release|Any CPU = Release|Any CPU
	EndGlobalSection
	GlobalSection(ProjectConfigurationPlatforms) = postSolution
		{084BCB9F-C82A-42D7-90EF-E1CE7D377C46}.Debug|Any CPU.ActiveCfg = Debug|Any CPU
		{084BCB9F-C82A-42D7-90EF-E1CE7D377C46}.Debug|Any CPU.Build.0 = Debug|Any CPU
		{084BCB9F-C82A-42D7-90EF-E1CE7D377C46}.Release|Any CPU.ActiveCfg = Release|Any CPU
		{084BCB9F-C82A-42D7-90EF-E1CE7D377C46}.Release|Any CPU.Build.0 = Release|Any CPU
		{6C9802DE-0C6B-4E23-B21A-5DE17C9CDA4E}.Debug|Any CPU.ActiveCfg = Debug|Any CPU
		{6C9802DE-0C6B-4E23-B21A-5DE17C9CDA4E}.Debug|Any CPU.Build.0 = Debug|Any CPU
		{6C9802DE-0C6B-4E23-B21A-5DE17C9CDA4E}.Release|Any CPU.ActiveCfg = Release|Any CPU
		{6C9802DE-0C6B-4E23-B21A-5DE17C9CDA4E}.Release|Any CPU.Build.0 = Release|Any CPU
	EndGlobalSection
	GlobalSection(SolutionProperties) = preSolution
		HideSolutionNode = FALSE
	EndGlobalSection
	GlobalSection(ExtensibilityGlobals) = postSolution
		SolutionGuid = {16881E3E-357E-4F3B-9662-73A80B8BD7A8}
	EndGlobalSection
EndGlobal
